{
  "name": "hello",
  "lockfileVersion": 2,
  "requires": true,
  "packages": {
    "": {
      "dependencies": {
        "purty": "^7.0.0"
      }
    },
    "node_modules/purty": {
      "version": "7.0.0",
      "resolved": "https://registry.npmjs.org/purty/-/purty-7.0.0.tgz",
      "integrity": "sha512-gHHghPEjRY39GUJ8KnOMRfPArJILGCXwEhX6BmEdNiLgZuCjLLBLyawGiKFjYMfy8H5Dsk5NbgwIGslrPrernA==",
      "os": [
        "linux",
        "darwin",
        "win32"
      ],
      "bin": {
        "purty": "bin/purty.js"
      }
    }
  },
  "dependencies": {
    "purty": {
      "version": "7.0.0",
      "resolved": "https://registry.npmjs.org/purty/-/purty-7.0.0.tgz",
      "integrity": "sha512-gHHghPEjRY39GUJ8KnOMRfPArJILGCXwEhX6BmEdNiLgZuCjLLBLyawGiKFjYMfy8H5Dsk5NbgwIGslrPrernA=="
    }
  }
}
